
Microsoft Visual Studio Solution File, Format Version 12.00
# Visual Studio Version 17
VisualStudioVersion = 17.9.34310.174
MinimumVisualStudioVersion = 10.0.40219.1
Project("{9A19103F-16F7-4668-BE54-9A1E7A4F7556}") = "MauiTestMenuItem", "MauiTestMenuItem.csproj", "{D19BEA74-3A6F-401C-86AB-95C468C224D7}"
EndProject
Global
	GlobalSection(SolutionConfigurationPlatforms) = preSolution
		Debug|Any CPU = Debug|Any CPU
		Release|Any CPU = Release|Any CPU
	EndGlobalSection
	GlobalSection(ProjectConfigurationPlatforms) = postSolution
		{D19BEA74-3A6F-401C-86AB-95C468C224D7}.Debug|Any CPU.ActiveCfg = Debug|Any CPU
		{D19BEA74-3A6F-401C-86AB-95C468C224D7}.Debug|Any CPU.Build.0 = Debug|Any CPU
		{D19BEA74-3A6F-401C-86AB-95C468C224D7}.Debug|Any CPU.Deploy.0 = Debug|Any CPU
		{D19BEA74-3A6F-401C-86AB-95C468C224D7}.Release|Any CPU.ActiveCfg = Release|Any CPU
		{D19BEA74-3A6F-401C-86AB-95C468C224D7}.Release|Any CPU.Build.0 = Release|Any CPU
		{D19BEA74-3A6F-401C-86AB-95C468C224D7}.Release|Any CPU.Deploy.0 = Release|Any CPU
	EndGlobalSection
	GlobalSection(SolutionProperties) = preSolution
		HideSolutionNode = FALSE
	EndGlobalSection
	GlobalSection(ExtensibilityGlobals) = postSolution
		SolutionGuid = {1A811F63-2DB5-49A9-8A40-77A0E84B9D9B}
	EndGlobalSection
EndGlobal
